
Microsoft Visual Studio Solution File, Format Version 12.00
Project("{FAE04EC0-301F-11D3-BF4B-00C04F79EFBC}") = "Proyecto", "Proyecto\Proyecto.csproj", "{C7DD558F-A6D6-4932-B40A-5AE4FA965A87}"
EndProject
Global
	GlobalSection(SolutionConfigurationPlatforms) = preSolution
		Debug|Any CPU = Debug|Any CPU
		Release|Any CPU = Release|Any CPU
	EndGlobalSection
	GlobalSection(ProjectConfigurationPlatforms) = postSolution
		{C7DD558F-A6D6-4932-B40A-5AE4FA965A87}.Debug|Any CPU.ActiveCfg = Debug|Any CPU
		{C7DD558F-A6D6-4932-B40A-5AE4FA965A87}.Debug|Any CPU.Build.0 = Debug|Any CPU
		{C7DD558F-A6D6-4932-B40A-5AE4FA965A87}.Release|Any CPU.ActiveCfg = Release|Any CPU
		{C7DD558F-A6D6-4932-B40A-5AE4FA965A87}.Release|Any CPU.Build.0 = Release|Any CPU
	EndGlobalSection
EndGlobal
